// !$*UTF8*$!
{
	archiveVersion = 1;
	classes = {
	};
	objectVersion = 56;
	objects = {

/* Begin PBXBuildFile section */
		290B0BC3566E4CC6AE0360F1 /* Models.swift in Sources */ = {isa = PBXBuildFile; fileRef = 88D254D2B426422D8D5F0495 /* Models.swift */; };
		354B6C37BBEC4A4F98B58F97 /* Assets.xcassets in Resources */ = {isa = PBXBuildFile; fileRef = FC15405D865C4534ACD974D9 /* Assets.xcassets */; };
		A21C9B4E7F714DC68A4E0001 /* PhotoAttachments.swift in Sources */ = {isa = PBXBuildFile; fileRef = A21C9B4E7F714DC68A4E0002 /* PhotoAttachments.swift */; };
		B1A8C54E2D7F4A31A9600001 /* LabelModels.swift in Sources */ = {isa = PBXBuildFile; fileRef = B1A8C54E2D7F4A31A9600003 /* LabelModels.swift */; };
		B1A8C54E2D7F4A31A9600002 /* CardLabelsSheet.swift in Sources */ = {isa = PBXBuildFile; fileRef = B1A8C54E2D7F4A31A9600004 /* CardLabelsSheet.swift */; };
		D45892BF9775403B92A500E8 /* CardDetailView.swift in Sources */ = {isa = PBXBuildFile; fileRef = EEEDCC72BE49419DA31600DF /* CardDetailView.swift */; };
		E4A013ED39924784A8B35FF7 /* Plenact_App.swift in Sources */ = {isa = PBXBuildFile; fileRef = 89F4E20A08E44BCB9281DCC4 /* Plenact_App.swift */; };
		E85FF9C540A4411BADE7A9AC /* ContentView.swift in Sources */ = {isa = PBXBuildFile; fileRef = 1DFF35304A1B4FA18AB05E4F /* ContentView.swift */; };
/* End PBXBuildFile section */

/* Begin PBXFileReference section */
		1DFF35304A1B4FA18AB05E4F /* ContentView.swift */ = {isa = PBXFileReference; lastKnownFileType = sourcecode.swift; path = ContentView.swift; sourceTree = "<group>"; };
		30C25D35D8C349EDB8B7AFEF /* Plenact Cards & Lists.app */ = {isa = PBXFileReference; explicitFileType = wrapper.application; includeInIndex = 0; path = "Plenact Cards & Lists.app"; sourceTree = BUILT_PRODUCTS_DIR; };
		88D254D2B426422D8D5F0495 /* Models.swift */ = {isa = PBXFileReference; lastKnownFileType = sourcecode.swift; path = Models.swift; sourceTree = "<group>"; };
		89F4E20A08E44BCB9281DCC4 /* Plenact_App.swift */ = {isa = PBXFileReference; lastKnownFileType = sourcecode.swift; path = Plenact_App.swift; sourceTree = "<group>"; };
		A21C9B4E7F714DC68A4E0002 /* PhotoAttachments.swift */ = {isa = PBXFileReference; lastKnownFileType = sourcecode.swift; path = PhotoAttachments.swift; sourceTree = "<group>"; };
		B1A8C54E2D7F4A31A9600003 /* LabelModels.swift */ = {isa = PBXFileReference; lastKnownFileType = sourcecode.swift; path = LabelModels.swift; sourceTree = "<group>"; };
		B1A8C54E2D7F4A31A9600004 /* CardLabelsSheet.swift */ = {isa = PBXFileReference; lastKnownFileType = sourcecode.swift; path = CardLabelsSheet.swift; sourceTree = "<group>"; };
		EEEDCC72BE49419DA31600DF /* CardDetailView.swift */ = {isa = PBXFileReference; lastKnownFileType = sourcecode.swift; path = CardDetailView.swift; sourceTree = "<group>"; };
		FC15405D865C4534ACD974D9 /* Assets.xcassets */ = {isa = PBXFileReference; lastKnownFileType = folder.assetcatalog; path = Assets.xcassets; sourceTree = "<group>"; };
/* End PBXFileReference section */

/* Begin PBXFrameworksBuildPhase section */
		CF23C21A391E4E4CBF34F9F6 /* Frameworks */ = {
			isa = PBXFrameworksBuildPhase;
			buildActionMask = 2147483647;
			files = (
			);
			runOnlyForDeploymentPostprocessing = 0;
		};
/* End PBXFrameworksBuildPhase section */

/* Begin PBXGroup section */
		A00E5FAE2EE84AA5AD362AB7 /* Src */ = {
			isa = PBXGroup;
			children = (
				89F4E20A08E44BCB9281DCC4 /* Plenact_App.swift */,
				1DFF35304A1B4FA18AB05E4F /* ContentView.swift */,
				EEEDCC72BE49419DA31600DF /* CardDetailView.swift */,
				88D254D2B426422D8D5F0495 /* Models.swift */,
				B1A8C54E2D7F4A31A9600005 /* Features */,
				FC15405D865C4534ACD974D9 /* Assets.xcassets */,
			);
			path = Src;
			sourceTree = "<group>";
		};
		A21C9B4E7F714DC68A4E0003 /* Attachments */ = {
			isa = PBXGroup;
			children = (
				A21C9B4E7F714DC68A4E0002 /* PhotoAttachments.swift */,
			);
			path = Attachments;
			sourceTree = "<group>";
		};
		B1A8C54E2D7F4A31A9600005 /* Features */ = {
			isa = PBXGroup;
			children = (
				B1A8C54E2D7F4A31A9600006 /* Labels */,
				A21C9B4E7F714DC68A4E0003 /* Attachments */,
			);
			path = Features;
			sourceTree = "<group>";
		};
		B1A8C54E2D7F4A31A9600006 /* Labels */ = {
			isa = PBXGroup;
			children = (
				B1A8C54E2D7F4A31A9600003 /* LabelModels.swift */,
				B1A8C54E2D7F4A31A9600004 /* CardLabelsSheet.swift */,
			);
			path = Labels;
			sourceTree = "<group>";
		};
		C9B3B43E64FD4401B21E2988 = {
			isa = PBXGroup;
			children = (
				A00E5FAE2EE84AA5AD362AB7 /* Src */,
				FD658D436FD64042A9D9CA81 /* Products */,
			);
			sourceTree = "<group>";
		};
		FD658D436FD64042A9D9CA81 /* Products */ = {
			isa = PBXGroup;
			children = (
				30C25D35D8C349EDB8B7AFEF /* Plenact Cards & Lists.app */,
			);
			name = Products;
			sourceTree = "<group>";
		};
/* End PBXGroup section */

/* Begin PBXNativeTarget section */
		BC46C98454CE4794A96D07A3 /* Plenact Cards & Lists */ = {
			isa = PBXNativeTarget;
			buildConfigurationList = FC245A9B5B1F4DC6992A025A /* Build configuration list for PBXNativeTarget "Plenact Cards & Lists" */;
			buildPhases = (
				021E353BDA6940F9A3792BF3 /* Sources */,
				CF23C21A391E4E4CBF34F9F6 /* Frameworks */,
				6BE1E72F91E94CDEAF7D2BB7 /* Resources */,
			);
			buildRules = (
			);
			dependencies = (
			);
			name = "Plenact Cards & Lists";
			productName = Plenact_02;
			productReference = 30C25D35D8C349EDB8B7AFEF /* Plenact Cards & Lists.app */;
			productType = "com.apple.product-type.application";
		};
/* End PBXNativeTarget section */

/* Begin PBXProject section */
		D3D2114CB00E41E9BD21328C /* Project object */ = {
			isa = PBXProject;
			attributes = {
				BuildIndependentTargetsInParallel = 1;
				LastSwiftUpdateCheck = 1600;
				LastUpgradeCheck = 1600;
				TargetAttributes = {
					BC46C98454CE4794A96D07A3 = {
						CreatedOnToolsVersion = 16.0;
					};
				};
			};
			buildConfigurationList = 4C98BA26247148CAA731FB17 /* Build configuration list for PBXProject "Plenact Cards & Lists" */;
			compatibilityVersion = "Xcode 14.0";
			developmentRegion = en;
			hasScannedForEncodings = 0;
			knownRegions = (
				en,
				Base,
			);
			mainGroup = C9B3B43E64FD4401B21E2988;
			productRefGroup = FD658D436FD64042A9D9CA81 /* Products */;
			projectDirPath = "";
			projectRoot = "";
			targets = (
				BC46C98454CE4794A96D07A3 /* Plenact Cards & Lists */,
			);
		};
/* End PBXProject section */

/* Begin PBXResourcesBuildPhase section */
		6BE1E72F91E94CDEAF7D2BB7 /* Resources */ = {
			isa = PBXResourcesBuildPhase;
			buildActionMask = 2147483647;
			files = (
				354B6C37BBEC4A4F98B58F97 /* Assets.xcassets in Resources */,
			);
			runOnlyForDeploymentPostprocessing = 0;
		};
/* End PBXResourcesBuildPhase section */

/* Begin PBXSourcesBuildPhase section */
		021E353BDA6940F9A3792BF3 /* Sources */ = {
			isa = PBXSourcesBuildPhase;
			buildActionMask = 2147483647;
			files = (
				E4A013ED39924784A8B35FF7 /* Plenact_App.swift in Sources */,
				E85FF9C540A4411BADE7A9AC /* ContentView.swift in Sources */,
				D45892BF9775403B92A500E8 /* CardDetailView.swift in Sources */,
				290B0BC3566E4CC6AE0360F1 /* Models.swift in Sources */,
				B1A8C54E2D7F4A31A9600001 /* LabelModels.swift in Sources */,
				B1A8C54E2D7F4A31A9600002 /* CardLabelsSheet.swift in Sources */,
				A21C9B4E7F714DC68A4E0001 /* PhotoAttachments.swift in Sources */,
			);
			runOnlyForDeploymentPostprocessing = 0;
		};
/* End PBXSourcesBuildPhase section */

/* Begin XCBuildConfiguration section */
		1461E59DD5264CD3A1781B83 /* Release */ = {
			isa = XCBuildConfiguration;
			buildSettings = {
				ALWAYS_SEARCH_USER_PATHS = NO;
				ASSETCATALOG_COMPILER_GENERATE_SWIFT_ASSET_SYMBOL_EXTENSIONS = YES;
				CLANG_ANALYZER_NONNULL = YES;
				CLANG_ANALYZER_NUMBER_OBJECT_CONVERSION = YES_AGGRESSIVE;
				CLANG_CXX_LANGUAGE_STANDARD = "gnu++20";
				CLANG_ENABLE_MODULES = YES;
				CLANG_ENABLE_OBJC_ARC = YES;
				CLANG_ENABLE_OBJC_WEAK = YES;
				CLANG_WARN_BLOCK_CAPTURE_AUTORELEASING = YES;
				CLANG_WARN_BOOL_CONVERSION = YES;
				CLANG_WARN_COMMA = YES;
				CLANG_WARN_CONSTANT_CONVERSION = YES;
				CLANG_WARN_DEPRECATED_OBJC_IMPLEMENTATIONS = YES;
				CLANG_WARN_DIRECT_OBJC_ISA_USAGE = YES_ERROR;
				CLANG_WARN_DOCUMENTATION_COMMENTS = YES;
				CLANG_WARN_EMPTY_BODY = YES;
				CLANG_WARN_ENUM_CONVERSION = YES;
				CLANG_WARN_INFINITE_RECURSION = YES;
				CLANG_WARN_INT_CONVERSION = YES;
				CLANG_WARN_NON_LITERAL_NULL_CONVERSION = YES;
				CLANG_WARN_OBJC_IMPLICIT_RETAIN_SELF = YES;
				CLANG_WARN_OBJC_LITERAL_CONVERSION = YES;
				CLANG_WARN_OBJC_ROOT_CLASS = YES_ERROR;
				CLANG_WARN_QUOTED_INCLUDE_IN_FRAMEWORK_HEADER = YES;
				CLANG_WARN_RANGE_LOOP_ANALYSIS = YES;
				CLANG_WARN_STRICT_PROTOTYPES = YES;
				CLANG_WARN_SUSPICIOUS_MOVE = YES;
				CLANG_WARN_UNGUARDED_AVAILABILITY = YES_AGGRESSIVE;
				CLANG_WARN_UNREACHABLE_CODE = YES;
				CLANG_WARN__DUPLICATE_METHOD_MATCH = YES;
				COPY_PHASE_STRIP = NO;
				DEBUG_INFORMATION_FORMAT = "dwarf-with-dsym";
				ENABLE_NS_ASSERTIONS = NO;
				ENABLE_STRICT_OBJC_MSGSEND = YES;
				ENABLE_USER_SCRIPT_SANDBOXING = YES;
				GCC_C_LANGUAGE_STANDARD = gnu17;
				GCC_NO_COMMON_BLOCKS = YES;
				GCC_WARN_64_TO_32_BIT_CONVERSION = YES;
				GCC_WARN_ABOUT_RETURN_TYPE = YES_ERROR;
				GCC_WARN_UNDECLARED_SELECTOR = YES;
				GCC_WARN_UNINITIALIZED_AUTOS = YES_AGGRESSIVE;
				GCC_WARN_UNUSED_FUNCTION = YES;
				GCC_WARN_UNUSED_VARIABLE = YES;
				IPHONEOS_DEPLOYMENT_TARGET = 17.0;
				LOCALIZATION_PREFERS_STRING_CATALOGS = YES;
				MTL_ENABLE_DEBUG_INFO = NO;
				MTL_FAST_MATH = YES;
				SDKROOT = iphoneos;
				SWIFT_COMPILATION_MODE = wholemodule;
				VALIDATE_PRODUCT = YES;
			};
			name = Release;
		};
		6C52AA0D883D4AF1AFD9739C /* Debug */ = {
			isa = XCBuildConfiguration;
			buildSettings = {
				ASSETCATALOG_COMPILER_APPICON_NAME = AppIcon;
				ASSETCATALOG_COMPILER_GLOBAL_ACCENT_COLOR_NAME = AccentColor;
				CODE_SIGN_STYLE = Automatic;
				CURRENT_PROJECT_VERSION = 1;
				DEVELOPMENT_TEAM = HRCQBX7PVQ;
				ENABLE_PREVIEWS = YES;
				GENERATE_INFOPLIST_FILE = YES;
				INFOPLIST_KEY_UIApplicationSceneManifest_Generation = YES;
				INFOPLIST_KEY_UIApplicationSupportsIndirectInputEvents = YES;
				INFOPLIST_KEY_UILaunchScreen_Generation = YES;
				INFOPLIST_KEY_UISupportedInterfaceOrientations_iPad = "UIInterfaceOrientationPortrait UIInterfaceOrientationPortraitUpsideDown UIInterfaceOrientationLandscapeLeft UIInterfaceOrientationLandscapeRight";
				INFOPLIST_KEY_UISupportedInterfaceOrientations_iPhone = "UIInterfaceOrientationPortrait UIInterfaceOrientationLandscapeLeft UIInterfaceOrientationLandscapeRight";
				LD_RUNPATH_SEARCH_PATHS = (
					"$(inherited)",
					"@executable_path/Frameworks",
				);
				MARKETING_VERSION = 1.0;
				PRODUCT_BUNDLE_IDENTIFIER = com.plenact.Plenact02;
				PRODUCT_NAME = "$(TARGET_NAME)";
				SUPPORTED_PLATFORMS = "iphoneos iphonesimulator";
				SUPPORTS_MACCATALYST = NO;
				SUPPORTS_MAC_DESIGNED_FOR_IPHONE_IPAD = NO;
				SUPPORTS_XR_DESIGNED_FOR_IPHONE_IPAD = NO;
				SWIFT_EMIT_LOC_STRINGS = YES;
				SWIFT_VERSION = 5.0;
				TARGETED_DEVICE_FAMILY = 1;
			};
			name = Debug;
		};
		847C2457ED1249C69E4DF310 /* Release */ = {
			isa = XCBuildConfiguration;
			buildSettings = {
				ASSETCATALOG_COMPILER_APPICON_NAME = AppIcon;
				ASSETCATALOG_COMPILER_GLOBAL_ACCENT_COLOR_NAME = AccentColor;
				CODE_SIGN_STYLE = Automatic;
				CURRENT_PROJECT_VERSION = 1;
				DEVELOPMENT_TEAM = HRCQBX7PVQ;
				ENABLE_PREVIEWS = YES;
				GENERATE_INFOPLIST_FILE = YES;
				INFOPLIST_KEY_UIApplicationSceneManifest_Generation = YES;
				INFOPLIST_KEY_UIApplicationSupportsIndirectInputEvents = YES;
				INFOPLIST_KEY_UILaunchScreen_Generation = YES;
				INFOPLIST_KEY_UISupportedInterfaceOrientations_iPad = "UIInterfaceOrientationPortrait UIInterfaceOrientationPortraitUpsideDown UIInterfaceOrientationLandscapeLeft UIInterfaceOrientationLandscapeRight";
				INFOPLIST_KEY_UISupportedInterfaceOrientations_iPhone = "UIInterfaceOrientationPortrait UIInterfaceOrientationLandscapeLeft UIInterfaceOrientationLandscapeRight";
				LD_RUNPATH_SEARCH_PATHS = (
					"$(inherited)",
					"@executable_path/Frameworks",
				);
				MARKETING_VERSION = 1.0;
				PRODUCT_BUNDLE_IDENTIFIER = com.plenact.Plenact02;
				PRODUCT_NAME = "$(TARGET_NAME)";
				SUPPORTED_PLATFORMS = "iphoneos iphonesimulator";
				SUPPORTS_MACCATALYST = NO;
				SUPPORTS_MAC_DESIGNED_FOR_IPHONE_IPAD = NO;
				SUPPORTS_XR_DESIGNED_FOR_IPHONE_IPAD = NO;
				SWIFT_EMIT_LOC_STRINGS = YES;
				SWIFT_VERSION = 5.0;
				TARGETED_DEVICE_FAMILY = 1;
			};
			name = Release;
		};
		E5F19FD797D440EBBE696649 /* Debug */ = {
			isa = XCBuildConfiguration;
			buildSettings = {
				ALWAYS_SEARCH_USER_PATHS = NO;
				ASSETCATALOG_COMPILER_GENERATE_SWIFT_ASSET_SYMBOL_EXTENSIONS = YES;
				CLANG_ANALYZER_NONNULL = YES;
				CLANG_ANALYZER_NUMBER_OBJECT_CONVERSION = YES_AGGRESSIVE;
				CLANG_CXX_LANGUAGE_STANDARD = "gnu++20";
				CLANG_ENABLE_MODULES = YES;
				CLANG_ENABLE_OBJC_ARC = YES;
				CLANG_ENABLE_OBJC_WEAK = YES;
				CLANG_WARN_BLOCK_CAPTURE_AUTORELEASING = YES;
				CLANG_WARN_BOOL_CONVERSION = YES;
				CLANG_WARN_COMMA = YES;
				CLANG_WARN_CONSTANT_CONVERSION = YES;
				CLANG_WARN_DEPRECATED_OBJC_IMPLEMENTATIONS = YES;
				CLANG_WARN_DIRECT_OBJC_ISA_USAGE = YES_ERROR;
				CLANG_WARN_DOCUMENTATION_COMMENTS = YES;
				CLANG_WARN_EMPTY_BODY = YES;
				CLANG_WARN_ENUM_CONVERSION = YES;
				CLANG_WARN_INFINITE_RECURSION = YES;
				CLANG_WARN_INT_CONVERSION = YES;
				CLANG_WARN_NON_LITERAL_NULL_CONVERSION = YES;
				CLANG_WARN_OBJC_IMPLICIT_RETAIN_SELF = YES;
				CLANG_WARN_OBJC_LITERAL_CONVERSION = YES;
				CLANG_WARN_OBJC_ROOT_CLASS = YES_ERROR;
				CLANG_WARN_QUOTED_INCLUDE_IN_FRAMEWORK_HEADER = YES;
				CLANG_WARN_RANGE_LOOP_ANALYSIS = YES;
				CLANG_WARN_STRICT_PROTOTYPES = YES;
				CLANG_WARN_SUSPICIOUS_MOVE = YES;
				CLANG_WARN_UNGUARDED_AVAILABILITY = YES_AGGRESSIVE;
				CLANG_WARN_UNREACHABLE_CODE = YES;
				CLANG_WARN__DUPLICATE_METHOD_MATCH = YES;
				COPY_PHASE_STRIP = NO;
				DEBUG_INFORMATION_FORMAT = dwarf;
				ENABLE_STRICT_OBJC_MSGSEND = YES;
				ENABLE_TESTABILITY = YES;
				ENABLE_USER_SCRIPT_SANDBOXING = YES;
				GCC_C_LANGUAGE_STANDARD = gnu17;
				GCC_DYNAMIC_NO_PIC = NO;
				GCC_NO_COMMON_BLOCKS = YES;
				GCC_OPTIMIZATION_LEVEL = 0;
				GCC_PREPROCESSOR_DEFINITIONS = (
					"DEBUG=1",
					"$(inherited)",
				);
				GCC_WARN_64_TO_32_BIT_CONVERSION = YES;
				GCC_WARN_ABOUT_RETURN_TYPE = YES_ERROR;
				GCC_WARN_UNDECLARED_SELECTOR = YES;
				GCC_WARN_UNINITIALIZED_AUTOS = YES_AGGRESSIVE;
				GCC_WARN_UNUSED_FUNCTION = YES;
				GCC_WARN_UNUSED_VARIABLE = YES;
				IPHONEOS_DEPLOYMENT_TARGET = 17.0;
				LOCALIZATION_PREFERS_STRING_CATALOGS = YES;
				MTL_ENABLE_DEBUG_INFO = INCLUDE_SOURCE;
				MTL_FAST_MATH = YES;
				ONLY_ACTIVE_ARCH = YES;
				SDKROOT = iphoneos;
				SWIFT_ACTIVE_COMPILATION_CONDITIONS = "DEBUG $(inherited)";
				SWIFT_OPTIMIZATION_LEVEL = "-Onone";
			};
			name = Debug;
		};
/* End XCBuildConfiguration section */

/* Begin XCConfigurationList section */
		4C98BA26247148CAA731FB17 /* Build configuration list for PBXProject "Plenact Cards & Lists" */ = {
			isa = XCConfigurationList;
			buildConfigurations = (
				E5F19FD797D440EBBE696649 /* Debug */,
				1461E59DD5264CD3A1781B83 /* Release */,
			);
			defaultConfigurationIsVisible = 0;
			defaultConfigurationName = Release;
		};
		FC245A9B5B1F4DC6992A025A /* Build configuration list for PBXNativeTarget "Plenact Cards & Lists" */ = {
			isa = XCConfigurationList;
			buildConfigurations = (
				6C52AA0D883D4AF1AFD9739C /* Debug */,
				847C2457ED1249C69E4DF310 /* Release */,
			);
			defaultConfigurationIsVisible = 0;
			defaultConfigurationName = Release;
		};
/* End XCConfigurationList section */
	};
	rootObject = D3D2114CB00E41E9BD21328C /* Project object */;
}
